
Microsoft Visual Studio Solution File, Format Version 11.00
# Visual Studio 2010
Project("{FAE04EC0-301F-11D3-BF4B-00C04F79EFBC}") = "Assembly-CSharp", "Assembly-CSharp.csproj", "{5ED25367-486D-B335-4566-CCDC81578A4C}"
EndProject
Project("{FAE04EC0-301F-11D3-BF4B-00C04F79EFBC}") = "Assembly-CSharp-Editor", "Assembly-CSharp-Editor.csproj", "{F1AA8BD5-2A34-CEF8-90B2-586CEC2AC9A4}"
EndProject
Global
	GlobalSection(SolutionConfigurationPlatforms) = preSolution
		Debug|Any CPU = Debug|Any CPU
		Release|Any CPU = Release|Any CPU
	EndGlobalSection
	GlobalSection(ProjectConfigurationPlatforms) = postSolution
		{5ED25367-486D-B335-4566-CCDC81578A4C}.Debug|Any CPU.ActiveCfg = Debug|Any CPU
		{5ED25367-486D-B335-4566-CCDC81578A4C}.Debug|Any CPU.Build.0 = Debug|Any CPU
		{5ED25367-486D-B335-4566-CCDC81578A4C}.Release|Any CPU.ActiveCfg = Release|Any CPU
		{5ED25367-486D-B335-4566-CCDC81578A4C}.Release|Any CPU.Build.0 = Release|Any CPU
		{F1AA8BD5-2A34-CEF8-90B2-586CEC2AC9A4}.Debug|Any CPU.ActiveCfg = Debug|Any CPU
		{F1AA8BD5-2A34-CEF8-90B2-586CEC2AC9A4}.Debug|Any CPU.Build.0 = Debug|Any CPU
		{F1AA8BD5-2A34-CEF8-90B2-586CEC2AC9A4}.Release|Any CPU.ActiveCfg = Release|Any CPU
		{F1AA8BD5-2A34-CEF8-90B2-586CEC2AC9A4}.Release|Any CPU.Build.0 = Release|Any CPU
	EndGlobalSection
	GlobalSection(SolutionProperties) = preSolution
		HideSolutionNode = FALSE
	EndGlobalSection
	GlobalSection(MonoDevelopProperties) = preSolution
		StartupItem = Assembly-CSharp.csproj
	EndGlobalSection
EndGlobal
