
Microsoft Visual Studio Solution File, Format Version 12.00
# Visual Studio 15
Project("{FAE04EC0-301F-11D3-BF4B-00C04F79EFBC}") = "동굴쓰", "Assembly-CSharp.csproj", "{3B7C8A64-5B41-E11E-0957-F99D0489E655}"
EndProject
Project("{FAE04EC0-301F-11D3-BF4B-00C04F79EFBC}") = "동굴쓰", "Assembly-CSharp-Editor.csproj", "{91F89A31-449B-6A1E-9EFD-E22D118937F3}"
EndProject
Global
	GlobalSection(SolutionConfigurationPlatforms) = preSolution
		Debug|Any CPU = Debug|Any CPU
		Release|Any CPU = Release|Any CPU
	EndGlobalSection
	GlobalSection(ProjectConfigurationPlatforms) = postSolution
		{3B7C8A64-5B41-E11E-0957-F99D0489E655}.Debug|Any CPU.ActiveCfg = Debug|Any CPU
		{3B7C8A64-5B41-E11E-0957-F99D0489E655}.Debug|Any CPU.Build.0 = Debug|Any CPU
		{3B7C8A64-5B41-E11E-0957-F99D0489E655}.Release|Any CPU.ActiveCfg = Release|Any CPU
		{3B7C8A64-5B41-E11E-0957-F99D0489E655}.Release|Any CPU.Build.0 = Release|Any CPU
		{91F89A31-449B-6A1E-9EFD-E22D118937F3}.Debug|Any CPU.ActiveCfg = Debug|Any CPU
		{91F89A31-449B-6A1E-9EFD-E22D118937F3}.Debug|Any CPU.Build.0 = Debug|Any CPU
		{91F89A31-449B-6A1E-9EFD-E22D118937F3}.Release|Any CPU.ActiveCfg = Release|Any CPU
		{91F89A31-449B-6A1E-9EFD-E22D118937F3}.Release|Any CPU.Build.0 = Release|Any CPU
	EndGlobalSection
	GlobalSection(SolutionProperties) = preSolution
		HideSolutionNode = FALSE
	EndGlobalSection
EndGlobal
