
Microsoft Visual Studio Solution File, Format Version 12.00
# Visual Studio 15
Project("{FAE04EC0-301F-11D3-BF4B-00C04F79EFBC}") = "VR_CH001", "Assembly-CSharp.csproj", "{6A6E8A8C-4821-85F4-8FDB-F09573C74E9D}"
EndProject
Project("{FAE04EC0-301F-11D3-BF4B-00C04F79EFBC}") = "VR_CH001", "Assembly-CSharp-Editor.csproj", "{1747AFD0-E010-5BE9-6AF4-401C3FF2E316}"
EndProject
Global
	GlobalSection(SolutionConfigurationPlatforms) = preSolution
		Debug|Any CPU = Debug|Any CPU
		Release|Any CPU = Release|Any CPU
	EndGlobalSection
	GlobalSection(ProjectConfigurationPlatforms) = postSolution
		{6A6E8A8C-4821-85F4-8FDB-F09573C74E9D}.Debug|Any CPU.ActiveCfg = Debug|Any CPU
		{6A6E8A8C-4821-85F4-8FDB-F09573C74E9D}.Debug|Any CPU.Build.0 = Debug|Any CPU
		{6A6E8A8C-4821-85F4-8FDB-F09573C74E9D}.Release|Any CPU.ActiveCfg = Release|Any CPU
		{6A6E8A8C-4821-85F4-8FDB-F09573C74E9D}.Release|Any CPU.Build.0 = Release|Any CPU
		{1747AFD0-E010-5BE9-6AF4-401C3FF2E316}.Debug|Any CPU.ActiveCfg = Debug|Any CPU
		{1747AFD0-E010-5BE9-6AF4-401C3FF2E316}.Debug|Any CPU.Build.0 = Debug|Any CPU
		{1747AFD0-E010-5BE9-6AF4-401C3FF2E316}.Release|Any CPU.ActiveCfg = Release|Any CPU
		{1747AFD0-E010-5BE9-6AF4-401C3FF2E316}.Release|Any CPU.Build.0 = Release|Any CPU
	EndGlobalSection
	GlobalSection(SolutionProperties) = preSolution
		HideSolutionNode = FALSE
	EndGlobalSection
EndGlobal
